// !$*UTF8*$!
{
	archiveVersion = 1;
	classes = {
	};
	objectVersion = 45;
	objects = {

/* Begin PBXBuildFile section */
		1D3623260D0F684500981E51 /* RetortedAppDelegate.m in Sources */ = {isa = PBXBuildFile; fileRef = 1D3623250D0F684500981E51 /* RetortedAppDelegate.m */; };
		1D60589B0D05DD56006BFB54 /* main.m in Sources */ = {isa = PBXBuildFile; fileRef = 29B97316FDCFA39411CA2CEA /* main.m */; };
		1D60589F0D05DD5A006BFB54 /* Foundation.framework in Frameworks */ = {isa = PBXBuildFile; fileRef = 1D30AB110D05D00D00671497 /* Foundation.framework */; };
		1DF5F4E00D08C38300B7A737 /* UIKit.framework in Frameworks */ = {isa = PBXBuildFile; fileRef = 1DF5F4DF0D08C38300B7A737 /* UIKit.framework */; };
		28216C970DB411BC00E5133A /* HomeViewController.m in Sources */ = {isa = PBXBuildFile; fileRef = 28216C960DB411BC00E5133A /* HomeViewController.m */; };
		288765080DF74369002DB57D /* CoreGraphics.framework in Frameworks */ = {isa = PBXBuildFile; fileRef = 288765070DF74369002DB57D /* CoreGraphics.framework */; };
		28AD73880D9D96C1002E5188 /* MainWindow.xib in Resources */ = {isa = PBXBuildFile; fileRef = 28AD73870D9D96C1002E5188 /* MainWindow.xib */; };
		DB0030B00EF09E9100404183 /* SortMethods.m in Sources */ = {isa = PBXBuildFile; fileRef = DB0030AF0EF09E9100404183 /* SortMethods.m */; };
		DB0030BC0EF0A44F00404183 /* TRTagSorter.m in Sources */ = {isa = PBXBuildFile; fileRef = DB0030BB0EF0A44F00404183 /* TRTagSorter.m */; };
		DB11263B0EEEED5600137EBC /* TRAttribution.m in Sources */ = {isa = PBXBuildFile; fileRef = DB11263A0EEEED5600137EBC /* TRAttribution.m */; };
		DB11263E0EEEED7300137EBC /* TRRetort.m in Sources */ = {isa = PBXBuildFile; fileRef = DB11263D0EEEED7300137EBC /* TRRetort.m */; };
		DB1126470EEEEDC900137EBC /* TRRating.m in Sources */ = {isa = PBXBuildFile; fileRef = DB1126460EEEEDC900137EBC /* TRRating.m */; };
		DB11264A0EEEEDD500137EBC /* TRTag.m in Sources */ = {isa = PBXBuildFile; fileRef = DB1126490EEEEDD500137EBC /* TRTag.m */; };
		DB11265A0EEF047300137EBC /* FEUrlHelper.m in Sources */ = {isa = PBXBuildFile; fileRef = DB1126590EEF047300137EBC /* FEUrlHelper.m */; };
		DB11266A0EEF04ED00137EBC /* TRRetortXMLParser.m in Sources */ = {isa = PBXBuildFile; fileRef = DB1126690EEF04ED00137EBC /* TRRetortXMLParser.m */; };
		DB1126BB0EEF27B600137EBC /* RetortViewController.m in Sources */ = {isa = PBXBuildFile; fileRef = DB1126BA0EEF27B600137EBC /* RetortViewController.m */; };
		DB1126C00EEF28B600137EBC /* HomeView.xib in Resources */ = {isa = PBXBuildFile; fileRef = DB1126BF0EEF28B600137EBC /* HomeView.xib */; };
		DB1126C40EEF28E900137EBC /* RetortView.xib in Resources */ = {isa = PBXBuildFile; fileRef = DB1126C30EEF28E900137EBC /* RetortView.xib */; };
		DB1128680EEF618700137EBC /* TRTagCloudHelper.m in Sources */ = {isa = PBXBuildFile; fileRef = DB1128670EEF618700137EBC /* TRTagCloudHelper.m */; };
		DB1128860EEF73FA00137EBC /* ql.png in Resources */ = {isa = PBXBuildFile; fileRef = DB1128840EEF73FA00137EBC /* ql.png */; };
		DB1128870EEF73FA00137EBC /* qr.png in Resources */ = {isa = PBXBuildFile; fileRef = DB1128850EEF73FA00137EBC /* qr.png */; };
		DB1FD1650EF1950F0000E78E /* TRRetortFacade.m in Sources */ = {isa = PBXBuildFile; fileRef = DB1FD1640EF1950F0000E78E /* TRRetortFacade.m */; };
		DB6849C90EF0257B0094CC24 /* CGPointUtils.c in Sources */ = {isa = PBXBuildFile; fileRef = DB6849C70EF0257B0094CC24 /* CGPointUtils.c */; };
		DB82EB940EF0963D007C507A /* FavoritesViewController.m in Sources */ = {isa = PBXBuildFile; fileRef = DB82EB930EF0963D007C507A /* FavoritesViewController.m */; };
		DB82EB9A0EF096DB007C507A /* FavoritesView.xib in Resources */ = {isa = PBXBuildFile; fileRef = DB82EB990EF096DB007C507A /* FavoritesView.xib */; };
		DBDC5EDE0EF090A40055CD29 /* Default.png in Resources */ = {isa = PBXBuildFile; fileRef = DBDC5EDD0EF090A40055CD29 /* Default.png */; };
		DBDC5EE30EF091740055CD29 /* tab-favs.png in Resources */ = {isa = PBXBuildFile; fileRef = DBDC5EE20EF091740055CD29 /* tab-favs.png */; };
		DBDC5EE50EF0917C0055CD29 /* tab-five.png in Resources */ = {isa = PBXBuildFile; fileRef = DBDC5EE40EF0917C0055CD29 /* tab-five.png */; };
		DBDC5EE70EF091890055CD29 /* tab-settings.png in Resources */ = {isa = PBXBuildFile; fileRef = DBDC5EE60EF091890055CD29 /* tab-settings.png */; };
		DBDC5EEA0EF091B80055CD29 /* NavBarLogo.png in Resources */ = {isa = PBXBuildFile; fileRef = DBDC5EE90EF091B80055CD29 /* NavBarLogo.png */; };
/* End PBXBuildFile section */

/* Begin PBXFileReference section */
		1D30AB110D05D00D00671497 /* Foundation.framework */ = {isa = PBXFileReference; lastKnownFileType = wrapper.framework; name = Foundation.framework; path = System/Library/Frameworks/Foundation.framework; sourceTree = SDKROOT; };
		1D3623240D0F684500981E51 /* RetortedAppDelegate.h */ = {isa = PBXFileReference; fileEncoding = 4; lastKnownFileType = sourcecode.c.h; name = RetortedAppDelegate.h; path = Classes/RetortedAppDelegate.h; sourceTree = "<group>"; };
		1D3623250D0F684500981E51 /* RetortedAppDelegate.m */ = {isa = PBXFileReference; fileEncoding = 4; lastKnownFileType = sourcecode.c.objc; name = RetortedAppDelegate.m; path = Classes/RetortedAppDelegate.m; sourceTree = "<group>"; };
		1D6058910D05DD3D006BFB54 /* Retorted.app */ = {isa = PBXFileReference; explicitFileType = wrapper.application; includeInIndex = 0; path = Retorted.app; sourceTree = BUILT_PRODUCTS_DIR; };
		1DF5F4DF0D08C38300B7A737 /* UIKit.framework */ = {isa = PBXFileReference; lastKnownFileType = wrapper.framework; name = UIKit.framework; path = System/Library/Frameworks/UIKit.framework; sourceTree = SDKROOT; };
		28216C950DB411BC00E5133A /* HomeViewController.h */ = {isa = PBXFileReference; fileEncoding = 4; lastKnownFileType = sourcecode.c.h; name = HomeViewController.h; path = Classes/HomeViewController.h; sourceTree = "<group>"; };
		28216C960DB411BC00E5133A /* HomeViewController.m */ = {isa = PBXFileReference; fileEncoding = 4; lastKnownFileType = sourcecode.c.objc; name = HomeViewController.m; path = Classes/HomeViewController.m; sourceTree = "<group>"; };
		288765070DF74369002DB57D /* CoreGraphics.framework */ = {isa = PBXFileReference; lastKnownFileType = wrapper.framework; name = CoreGraphics.framework; path = System/Library/Frameworks/CoreGraphics.framework; sourceTree = SDKROOT; };
		28A0AB4B0D9B1048005BE974 /* Retorted_Prefix.pch */ = {isa = PBXFileReference; fileEncoding = 4; lastKnownFileType = sourcecode.c.h; path = Retorted_Prefix.pch; sourceTree = "<group>"; };
		28AD73870D9D96C1002E5188 /* MainWindow.xib */ = {isa = PBXFileReference; lastKnownFileType = file.xib; path = MainWindow.xib; sourceTree = "<group>"; };
		29B97316FDCFA39411CA2CEA /* main.m */ = {isa = PBXFileReference; fileEncoding = 4; lastKnownFileType = sourcecode.c.objc; path = main.m; sourceTree = "<group>"; };
		8D1107310486CEB800E47090 /* Info.plist */ = {isa = PBXFileReference; fileEncoding = 4; lastKnownFileType = text.plist.xml; path = Info.plist; sourceTree = "<group>"; };
		DB0030AE0EF09E9100404183 /* SortMethods.h */ = {isa = PBXFileReference; fileEncoding = 4; lastKnownFileType = sourcecode.c.h; path = SortMethods.h; sourceTree = "<group>"; };
		DB0030AF0EF09E9100404183 /* SortMethods.m */ = {isa = PBXFileReference; fileEncoding = 4; lastKnownFileType = sourcecode.c.objc; path = SortMethods.m; sourceTree = "<group>"; };
		DB0030BA0EF0A44F00404183 /* TRTagSorter.h */ = {isa = PBXFileReference; fileEncoding = 4; lastKnownFileType = sourcecode.c.h; path = TRTagSorter.h; sourceTree = "<group>"; };
		DB0030BB0EF0A44F00404183 /* TRTagSorter.m */ = {isa = PBXFileReference; fileEncoding = 4; lastKnownFileType = sourcecode.c.objc; path = TRTagSorter.m; sourceTree = "<group>"; };
		DB1126390EEEED5600137EBC /* TRAttribution.h */ = {isa = PBXFileReference; fileEncoding = 4; lastKnownFileType = sourcecode.c.h; path = TRAttribution.h; sourceTree = "<group>"; };
		DB11263A0EEEED5600137EBC /* TRAttribution.m */ = {isa = PBXFileReference; fileEncoding = 4; lastKnownFileType = sourcecode.c.objc; path = TRAttribution.m; sourceTree = "<group>"; };
		DB11263C0EEEED7300137EBC /* TRRetort.h */ = {isa = PBXFileReference; fileEncoding = 4; lastKnownFileType = sourcecode.c.h; path = TRRetort.h; sourceTree = "<group>"; };
		DB11263D0EEEED7300137EBC /* TRRetort.m */ = {isa = PBXFileReference; fileEncoding = 4; lastKnownFileType = sourcecode.c.objc; path = TRRetort.m; sourceTree = "<group>"; };
		DB1126450EEEEDC900137EBC /* TRRating.h */ = {isa = PBXFileReference; fileEncoding = 4; lastKnownFileType = sourcecode.c.h; path = TRRating.h; sourceTree = "<group>"; };
		DB1126460EEEEDC900137EBC /* TRRating.m */ = {isa = PBXFileReference; fileEncoding = 4; lastKnownFileType = sourcecode.c.objc; path = TRRating.m; sourceTree = "<group>"; };
		DB1126480EEEEDD500137EBC /* TRTag.h */ = {isa = PBXFileReference; fileEncoding = 4; lastKnownFileType = sourcecode.c.h; path = TRTag.h; sourceTree = "<group>"; };
		DB1126490EEEEDD500137EBC /* TRTag.m */ = {isa = PBXFileReference; fileEncoding = 4; lastKnownFileType = sourcecode.c.objc; path = TRTag.m; sourceTree = "<group>"; };
		DB1126580EEF047300137EBC /* FEUrlHelper.h */ = {isa = PBXFileReference; fileEncoding = 4; lastKnownFileType = sourcecode.c.h; path = FEUrlHelper.h; sourceTree = "<group>"; };
		DB1126590EEF047300137EBC /* FEUrlHelper.m */ = {isa = PBXFileReference; fileEncoding = 4; lastKnownFileType = sourcecode.c.objc; path = FEUrlHelper.m; sourceTree = "<group>"; };
		DB1126680EEF04ED00137EBC /* TRRetortXMLParser.h */ = {isa = PBXFileReference; fileEncoding = 4; lastKnownFileType = sourcecode.c.h; path = TRRetortXMLParser.h; sourceTree = "<group>"; };
		DB1126690EEF04ED00137EBC /* TRRetortXMLParser.m */ = {isa = PBXFileReference; fileEncoding = 4; lastKnownFileType = sourcecode.c.objc; path = TRRetortXMLParser.m; sourceTree = "<group>"; };
		DB1126B90EEF27B600137EBC /* RetortViewController.h */ = {isa = PBXFileReference; fileEncoding = 4; lastKnownFileType = sourcecode.c.h; path = RetortViewController.h; sourceTree = "<group>"; };
		DB1126BA0EEF27B600137EBC /* RetortViewController.m */ = {isa = PBXFileReference; fileEncoding = 4; lastKnownFileType = sourcecode.c.objc; path = RetortViewController.m; sourceTree = "<group>"; };
		DB1126BF0EEF28B600137EBC /* HomeView.xib */ = {isa = PBXFileReference; lastKnownFileType = file.xib; path = HomeView.xib; sourceTree = "<group>"; };
		DB1126C30EEF28E900137EBC /* RetortView.xib */ = {isa = PBXFileReference; lastKnownFileType = file.xib; path = RetortView.xib; sourceTree = "<group>"; };
		DB1128660EEF618700137EBC /* TRTagCloudHelper.h */ = {isa = PBXFileReference; fileEncoding = 4; lastKnownFileType = sourcecode.c.h; path = TRTagCloudHelper.h; sourceTree = "<group>"; };
		DB1128670EEF618700137EBC /* TRTagCloudHelper.m */ = {isa = PBXFileReference; fileEncoding = 4; lastKnownFileType = sourcecode.c.objc; path = TRTagCloudHelper.m; sourceTree = "<group>"; };
		DB1128840EEF73FA00137EBC /* ql.png */ = {isa = PBXFileReference; lastKnownFileType = image.png; path = ql.png; sourceTree = "<group>"; };
		DB1128850EEF73FA00137EBC /* qr.png */ = {isa = PBXFileReference; lastKnownFileType = image.png; path = qr.png; sourceTree = "<group>"; };
		DB1FD1620EF192CA0000E78E /* Constants.h */ = {isa = PBXFileReference; fileEncoding = 4; lastKnownFileType = sourcecode.c.h; path = Constants.h; sourceTree = "<group>"; };
		DB1FD1630EF1950F0000E78E /* TRRetortFacade.h */ = {isa = PBXFileReference; fileEncoding = 4; lastKnownFileType = sourcecode.c.h; path = TRRetortFacade.h; sourceTree = "<group>"; };
		DB1FD1640EF1950F0000E78E /* TRRetortFacade.m */ = {isa = PBXFileReference; fileEncoding = 4; lastKnownFileType = sourcecode.c.objc; path = TRRetortFacade.m; sourceTree = "<group>"; };
		DB6849C70EF0257B0094CC24 /* CGPointUtils.c */ = {isa = PBXFileReference; fileEncoding = 4; lastKnownFileType = sourcecode.c.c; path = CGPointUtils.c; sourceTree = "<group>"; };
		DB6849C80EF0257B0094CC24 /* CGPointUtils.h */ = {isa = PBXFileReference; fileEncoding = 4; lastKnownFileType = sourcecode.c.h; path = CGPointUtils.h; sourceTree = "<group>"; };
		DB82EB920EF0963D007C507A /* FavoritesViewController.h */ = {isa = PBXFileReference; fileEncoding = 4; lastKnownFileType = sourcecode.c.h; path = FavoritesViewController.h; sourceTree = "<group>"; };
		DB82EB930EF0963D007C507A /* FavoritesViewController.m */ = {isa = PBXFileReference; fileEncoding = 4; lastKnownFileType = sourcecode.c.objc; path = FavoritesViewController.m; sourceTree = "<group>"; };
		DB82EB990EF096DB007C507A /* FavoritesView.xib */ = {isa = PBXFileReference; lastKnownFileType = file.xib; path = FavoritesView.xib; sourceTree = "<group>"; };
		DBDC5EDD0EF090A40055CD29 /* Default.png */ = {isa = PBXFileReference; lastKnownFileType = image.png; path = Default.png; sourceTree = "<group>"; };
		DBDC5EE20EF091740055CD29 /* tab-favs.png */ = {isa = PBXFileReference; lastKnownFileType = image.png; path = "tab-favs.png"; sourceTree = "<group>"; };
		DBDC5EE40EF0917C0055CD29 /* tab-five.png */ = {isa = PBXFileReference; lastKnownFileType = image.png; path = "tab-five.png"; sourceTree = "<group>"; };
		DBDC5EE60EF091890055CD29 /* tab-settings.png */ = {isa = PBXFileReference; lastKnownFileType = image.png; path = "tab-settings.png"; sourceTree = "<group>"; };
		DBDC5EE90EF091B80055CD29 /* NavBarLogo.png */ = {isa = PBXFileReference; lastKnownFileType = image.png; path = NavBarLogo.png; sourceTree = "<group>"; };
/* End PBXFileReference section */

/* Begin PBXFrameworksBuildPhase section */
		1D60588F0D05DD3D006BFB54 /* Frameworks */ = {
			isa = PBXFrameworksBuildPhase;
			buildActionMask = 2147483647;
			files = (
				1D60589F0D05DD5A006BFB54 /* Foundation.framework in Frameworks */,
				1DF5F4E00D08C38300B7A737 /* UIKit.framework in Frameworks */,
				288765080DF74369002DB57D /* CoreGraphics.framework in Frameworks */,
			);
			runOnlyForDeploymentPostprocessing = 0;
		};
/* End PBXFrameworksBuildPhase section */

/* Begin PBXGroup section */
		19C28FACFE9D520D11CA2CBB /* Products */ = {
			isa = PBXGroup;
			children = (
				1D6058910D05DD3D006BFB54 /* Retorted.app */,
			);
			name = Products;
			sourceTree = "<group>";
		};
		29B97314FDCFA39411CA2CEA /* Retorted */ = {
			isa = PBXGroup;
			children = (
				DB1126360EEEECEA00137EBC /* Application Support */,
				DB1126350EEEECB900137EBC /* View Controllers */,
				DB1126330EEEEC9100137EBC /* Model Classes */,
				DB1126320EEEEC8700137EBC /* Helpers */,
				29B97315FDCFA39411CA2CEA /* Other Sources */,
				29B97317FDCFA39411CA2CEA /* Resources */,
				29B97323FDCFA39411CA2CEA /* Frameworks */,
				19C28FACFE9D520D11CA2CBB /* Products */,
			);
			name = Retorted;
			sourceTree = "<group>";
		};
		29B97315FDCFA39411CA2CEA /* Other Sources */ = {
			isa = PBXGroup;
			children = (
				28A0AB4B0D9B1048005BE974 /* Retorted_Prefix.pch */,
				29B97316FDCFA39411CA2CEA /* main.m */,
			);
			name = "Other Sources";
			sourceTree = "<group>";
		};
		29B97317FDCFA39411CA2CEA /* Resources */ = {
			isa = PBXGroup;
			children = (
				DB1128830EEF73F200137EBC /* Images */,
				28AD73870D9D96C1002E5188 /* MainWindow.xib */,
				8D1107310486CEB800E47090 /* Info.plist */,
				DB1126BF0EEF28B600137EBC /* HomeView.xib */,
				DB1126C30EEF28E900137EBC /* RetortView.xib */,
				DB82EB990EF096DB007C507A /* FavoritesView.xib */,
			);
			name = Resources;
			sourceTree = "<group>";
		};
		29B97323FDCFA39411CA2CEA /* Frameworks */ = {
			isa = PBXGroup;
			children = (
				1DF5F4DF0D08C38300B7A737 /* UIKit.framework */,
				1D30AB110D05D00D00671497 /* Foundation.framework */,
				288765070DF74369002DB57D /* CoreGraphics.framework */,
			);
			name = Frameworks;
			sourceTree = "<group>";
		};
		DB1126320EEEEC8700137EBC /* Helpers */ = {
			isa = PBXGroup;
			children = (
				DB0030AE0EF09E9100404183 /* SortMethods.h */,
				DB0030AF0EF09E9100404183 /* SortMethods.m */,
				DB6849C70EF0257B0094CC24 /* CGPointUtils.c */,
				DB6849C80EF0257B0094CC24 /* CGPointUtils.h */,
				DB1126580EEF047300137EBC /* FEUrlHelper.h */,
				DB1126590EEF047300137EBC /* FEUrlHelper.m */,
				DB1126680EEF04ED00137EBC /* TRRetortXMLParser.h */,
				DB1126690EEF04ED00137EBC /* TRRetortXMLParser.m */,
				DB1128660EEF618700137EBC /* TRTagCloudHelper.h */,
				DB1128670EEF618700137EBC /* TRTagCloudHelper.m */,
				DB0030BA0EF0A44F00404183 /* TRTagSorter.h */,
				DB0030BB0EF0A44F00404183 /* TRTagSorter.m */,
				DB1FD1630EF1950F0000E78E /* TRRetortFacade.h */,
				DB1FD1640EF1950F0000E78E /* TRRetortFacade.m */,
			);
			name = Helpers;
			sourceTree = "<group>";
		};
		DB1126330EEEEC9100137EBC /* Model Classes */ = {
			isa = PBXGroup;
			children = (
				DB1126390EEEED5600137EBC /* TRAttribution.h */,
				DB11263A0EEEED5600137EBC /* TRAttribution.m */,
				DB11263C0EEEED7300137EBC /* TRRetort.h */,
				DB11263D0EEEED7300137EBC /* TRRetort.m */,
				DB1126450EEEEDC900137EBC /* TRRating.h */,
				DB1126460EEEEDC900137EBC /* TRRating.m */,
				DB1126480EEEEDD500137EBC /* TRTag.h */,
				DB1126490EEEEDD500137EBC /* TRTag.m */,
			);
			name = "Model Classes";
			sourceTree = "<group>";
		};
		DB1126350EEEECB900137EBC /* View Controllers */ = {
			isa = PBXGroup;
			children = (
				28216C950DB411BC00E5133A /* HomeViewController.h */,
				28216C960DB411BC00E5133A /* HomeViewController.m */,
				DB1126B90EEF27B600137EBC /* RetortViewController.h */,
				DB1126BA0EEF27B600137EBC /* RetortViewController.m */,
				DB82EB920EF0963D007C507A /* FavoritesViewController.h */,
				DB82EB930EF0963D007C507A /* FavoritesViewController.m */,
			);
			name = "View Controllers";
			sourceTree = "<group>";
		};
		DB1126360EEEECEA00137EBC /* Application Support */ = {
			isa = PBXGroup;
			children = (
				1D3623240D0F684500981E51 /* RetortedAppDelegate.h */,
				1D3623250D0F684500981E51 /* RetortedAppDelegate.m */,
				DB1FD1620EF192CA0000E78E /* Constants.h */,
			);
			name = "Application Support";
			sourceTree = "<group>";
		};
		DB1128830EEF73F200137EBC /* Images */ = {
			isa = PBXGroup;
			children = (
				DBDC5EE90EF091B80055CD29 /* NavBarLogo.png */,
				DBDC5EE60EF091890055CD29 /* tab-settings.png */,
				DBDC5EE20EF091740055CD29 /* tab-favs.png */,
				DBDC5EE40EF0917C0055CD29 /* tab-five.png */,
				DBDC5EDD0EF090A40055CD29 /* Default.png */,
				DB1128840EEF73FA00137EBC /* ql.png */,
				DB1128850EEF73FA00137EBC /* qr.png */,
			);
			name = Images;
			sourceTree = "<group>";
		};
/* End PBXGroup section */

/* Begin PBXNativeTarget section */
		1D6058900D05DD3D006BFB54 /* Retorted */ = {
			isa = PBXNativeTarget;
			buildConfigurationList = 1D6058960D05DD3E006BFB54 /* Build configuration list for PBXNativeTarget "Retorted" */;
			buildPhases = (
				1D60588D0D05DD3D006BFB54 /* Resources */,
				1D60588E0D05DD3D006BFB54 /* Sources */,
				1D60588F0D05DD3D006BFB54 /* Frameworks */,
			);
			buildRules = (
			);
			dependencies = (
			);
			name = Retorted;
			productName = Retorted;
			productReference = 1D6058910D05DD3D006BFB54 /* Retorted.app */;
			productType = "com.apple.product-type.application";
		};
/* End PBXNativeTarget section */

/* Begin PBXProject section */
		29B97313FDCFA39411CA2CEA /* Project object */ = {
			isa = PBXProject;
			buildConfigurationList = C01FCF4E08A954540054247B /* Build configuration list for PBXProject "Retorted" */;
			compatibilityVersion = "Xcode 3.1";
			hasScannedForEncodings = 1;
			mainGroup = 29B97314FDCFA39411CA2CEA /* Retorted */;
			projectDirPath = "";
			projectRoot = "";
			targets = (
				1D6058900D05DD3D006BFB54 /* Retorted */,
			);
		};
/* End PBXProject section */

/* Begin PBXResourcesBuildPhase section */
		1D60588D0D05DD3D006BFB54 /* Resources */ = {
			isa = PBXResourcesBuildPhase;
			buildActionMask = 2147483647;
			files = (
				28AD73880D9D96C1002E5188 /* MainWindow.xib in Resources */,
				DB1126C00EEF28B600137EBC /* HomeView.xib in Resources */,
				DB1126C40EEF28E900137EBC /* RetortView.xib in Resources */,
				DB1128860EEF73FA00137EBC /* ql.png in Resources */,
				DB1128870EEF73FA00137EBC /* qr.png in Resources */,
				DBDC5EDE0EF090A40055CD29 /* Default.png in Resources */,
				DBDC5EE30EF091740055CD29 /* tab-favs.png in Resources */,
				DBDC5EE50EF0917C0055CD29 /* tab-five.png in Resources */,
				DBDC5EE70EF091890055CD29 /* tab-settings.png in Resources */,
				DBDC5EEA0EF091B80055CD29 /* NavBarLogo.png in Resources */,
				DB82EB9A0EF096DB007C507A /* FavoritesView.xib in Resources */,
			);
			runOnlyForDeploymentPostprocessing = 0;
		};
/* End PBXResourcesBuildPhase section */

/* Begin PBXSourcesBuildPhase section */
		1D60588E0D05DD3D006BFB54 /* Sources */ = {
			isa = PBXSourcesBuildPhase;
			buildActionMask = 2147483647;
			files = (
				1D60589B0D05DD56006BFB54 /* main.m in Sources */,
				1D3623260D0F684500981E51 /* RetortedAppDelegate.m in Sources */,
				28216C970DB411BC00E5133A /* HomeViewController.m in Sources */,
				DB11263B0EEEED5600137EBC /* TRAttribution.m in Sources */,
				DB11263E0EEEED7300137EBC /* TRRetort.m in Sources */,
				DB1126470EEEEDC900137EBC /* TRRating.m in Sources */,
				DB11264A0EEEEDD500137EBC /* TRTag.m in Sources */,
				DB11265A0EEF047300137EBC /* FEUrlHelper.m in Sources */,
				DB11266A0EEF04ED00137EBC /* TRRetortXMLParser.m in Sources */,
				DB1126BB0EEF27B600137EBC /* RetortViewController.m in Sources */,
				DB1128680EEF618700137EBC /* TRTagCloudHelper.m in Sources */,
				DB6849C90EF0257B0094CC24 /* CGPointUtils.c in Sources */,
				DB82EB940EF0963D007C507A /* FavoritesViewController.m in Sources */,
				DB0030B00EF09E9100404183 /* SortMethods.m in Sources */,
				DB0030BC0EF0A44F00404183 /* TRTagSorter.m in Sources */,
				DB1FD1650EF1950F0000E78E /* TRRetortFacade.m in Sources */,
			);
			runOnlyForDeploymentPostprocessing = 0;
		};
/* End PBXSourcesBuildPhase section */

/* Begin XCBuildConfiguration section */
		1D6058940D05DD3E006BFB54 /* Debug */ = {
			isa = XCBuildConfiguration;
			buildSettings = {
				ALWAYS_SEARCH_USER_PATHS = NO;
				COPY_PHASE_STRIP = NO;
				GCC_DYNAMIC_NO_PIC = NO;
				GCC_OPTIMIZATION_LEVEL = 0;
				GCC_PRECOMPILE_PREFIX_HEADER = YES;
				GCC_PREFIX_HEADER = Retorted_Prefix.pch;
				INFOPLIST_FILE = Info.plist;
				PRODUCT_NAME = Retorted;
			};
			name = Debug;
		};
		1D6058950D05DD3E006BFB54 /* Release */ = {
			isa = XCBuildConfiguration;
			buildSettings = {
				ALWAYS_SEARCH_USER_PATHS = NO;
				COPY_PHASE_STRIP = YES;
				GCC_PRECOMPILE_PREFIX_HEADER = YES;
				GCC_PREFIX_HEADER = Retorted_Prefix.pch;
				INFOPLIST_FILE = Info.plist;
				PRODUCT_NAME = Retorted;
			};
			name = Release;
		};
		C01FCF4F08A954540054247B /* Debug */ = {
			isa = XCBuildConfiguration;
			buildSettings = {
				ARCHS = "$(ARCHS_STANDARD_32_BIT)";
				"CODE_SIGN_IDENTITY[sdk=iphoneos*]" = "iPhone Developer";
				GCC_C_LANGUAGE_STANDARD = c99;
				GCC_WARN_ABOUT_RETURN_TYPE = YES;
				GCC_WARN_UNUSED_VARIABLE = YES;
				ONLY_ACTIVE_ARCH = YES;
				PREBINDING = NO;
				SDKROOT = iphoneos2.1;
			};
			name = Debug;
		};
		C01FCF5008A954540054247B /* Release */ = {
			isa = XCBuildConfiguration;
			buildSettings = {
				ARCHS = "$(ARCHS_STANDARD_32_BIT)";
				"CODE_SIGN_IDENTITY[sdk=iphoneos*]" = "iPhone Developer";
				GCC_C_LANGUAGE_STANDARD = c99;
				GCC_WARN_ABOUT_RETURN_TYPE = YES;
				GCC_WARN_UNUSED_VARIABLE = YES;
				PREBINDING = NO;
				SDKROOT = iphoneos2.1;
			};
			name = Release;
		};
/* End XCBuildConfiguration section */

/* Begin XCConfigurationList section */
		1D6058960D05DD3E006BFB54 /* Build configuration list for PBXNativeTarget "Retorted" */ = {
			isa = XCConfigurationList;
			buildConfigurations = (
				1D6058940D05DD3E006BFB54 /* Debug */,
				1D6058950D05DD3E006BFB54 /* Release */,
			);
			defaultConfigurationIsVisible = 0;
			defaultConfigurationName = Release;
		};
		C01FCF4E08A954540054247B /* Build configuration list for PBXProject "Retorted" */ = {
			isa = XCConfigurationList;
			buildConfigurations = (
				C01FCF4F08A954540054247B /* Debug */,
				C01FCF5008A954540054247B /* Release */,
			);
			defaultConfigurationIsVisible = 0;
			defaultConfigurationName = Release;
		};
/* End XCConfigurationList section */
	};
	rootObject = 29B97313FDCFA39411CA2CEA /* Project object */;
}
