// !$*UTF8*$!
{
	archiveVersion = 1;
	classes = {
	};
	objectVersion = 45;
	objects = {

/* Begin PBXBuildFile section */
		1D3623260D0F684500981E51 /* RetortedAppDelegate.m in Sources */ = {isa = PBXBuildFile; fileRef = 1D3623250D0F684500981E51 /* RetortedAppDelegate.m */; };
		1D60589B0D05DD56006BFB54 /* main.m in Sources */ = {isa = PBXBuildFile; fileRef = 29B97316FDCFA39411CA2CEA /* main.m */; };
		1D60589F0D05DD5A006BFB54 /* Foundation.framework in Frameworks */ = {isa = PBXBuildFile; fileRef = 1D30AB110D05D00D00671497 /* Foundation.framework */; };
		1DF5F4E00D08C38300B7A737 /* UIKit.framework in Frameworks */ = {isa = PBXBuildFile; fileRef = 1DF5F4DF0D08C38300B7A737 /* UIKit.framework */; };
		28216C970DB411BC00E5133A /* HomeViewController.m in Sources */ = {isa = PBXBuildFile; fileRef = 28216C960DB411BC00E5133A /* HomeViewController.m */; };
		288765080DF74369002DB57D /* CoreGraphics.framework in Frameworks */ = {isa = PBXBuildFile; fileRef = 288765070DF74369002DB57D /* CoreGraphics.framework */; };
		28AD73880D9D96C1002E5188 /* MainWindow.xib in Resources */ = {isa = PBXBuildFile; fileRef = 28AD73870D9D96C1002E5188 /* MainWindow.xib */; };
		45812E760EF1C0B500FC2D21 /* tab-tag.png in Resources */ = {isa = PBXBuildFile; fileRef = 45812E750EF1C0B500FC2D21 /* tab-tag.png */; };
		45812E910EF1D81400FC2D21 /* Default.png in Resources */ = {isa = PBXBuildFile; fileRef = 45812E900EF1D81400FC2D21 /* Default.png */; };
		45B947670EF18C0E004C00EE /* Icon.png in Resources */ = {isa = PBXBuildFile; fileRef = 45B947660EF18C0E004C00EE /* Icon.png */; };
		DB0030BC0EF0A44F00404183 /* TRTagSorter.m in Sources */ = {isa = PBXBuildFile; fileRef = DB0030BB0EF0A44F00404183 /* TRTagSorter.m */; };
		DB08FFA00EF2D7DE000FB1AB /* TagViewController.m in Sources */ = {isa = PBXBuildFile; fileRef = DB08FF9F0EF2D7DE000FB1AB /* TagViewController.m */; };
		DB08FFA50EF2D898000FB1AB /* TagView.xib in Resources */ = {isa = PBXBuildFile; fileRef = DB08FFA40EF2D898000FB1AB /* TagView.xib */; };
		DB11263B0EEEED5600137EBC /* TRAttribution.m in Sources */ = {isa = PBXBuildFile; fileRef = DB11263A0EEEED5600137EBC /* TRAttribution.m */; };
		DB11263E0EEEED7300137EBC /* TRRetort.m in Sources */ = {isa = PBXBuildFile; fileRef = DB11263D0EEEED7300137EBC /* TRRetort.m */; };
		DB1126470EEEEDC900137EBC /* TRRating.m in Sources */ = {isa = PBXBuildFile; fileRef = DB1126460EEEEDC900137EBC /* TRRating.m */; };
		DB11264A0EEEEDD500137EBC /* TRTag.m in Sources */ = {isa = PBXBuildFile; fileRef = DB1126490EEEEDD500137EBC /* TRTag.m */; };
		DB11265A0EEF047300137EBC /* FEUrlHelper.m in Sources */ = {isa = PBXBuildFile; fileRef = DB1126590EEF047300137EBC /* FEUrlHelper.m */; };
		DB1126BB0EEF27B600137EBC /* RetortViewController.m in Sources */ = {isa = PBXBuildFile; fileRef = DB1126BA0EEF27B600137EBC /* RetortViewController.m */; };
		DB1126C00EEF28B600137EBC /* HomeView.xib in Resources */ = {isa = PBXBuildFile; fileRef = DB1126BF0EEF28B600137EBC /* HomeView.xib */; };
		DB1126C40EEF28E900137EBC /* RetortView.xib in Resources */ = {isa = PBXBuildFile; fileRef = DB1126C30EEF28E900137EBC /* RetortView.xib */; };
		DB1128680EEF618700137EBC /* TRTagCloudHelper.m in Sources */ = {isa = PBXBuildFile; fileRef = DB1128670EEF618700137EBC /* TRTagCloudHelper.m */; };
		DB1128860EEF73FA00137EBC /* ql.png in Resources */ = {isa = PBXBuildFile; fileRef = DB1128840EEF73FA00137EBC /* ql.png */; };
		DB1128870EEF73FA00137EBC /* qr.png in Resources */ = {isa = PBXBuildFile; fileRef = DB1128850EEF73FA00137EBC /* qr.png */; };
		DB141E280EF3758300868FAB /* SettingsViewController.m in Sources */ = {isa = PBXBuildFile; fileRef = DB141E270EF3758300868FAB /* SettingsViewController.m */; };
		DB141E990EF3864900868FAB /* FavoritesView.xib in Resources */ = {isa = PBXBuildFile; fileRef = DB141E980EF3864900868FAB /* FavoritesView.xib */; };
		DB141F5F0EF4A2C900868FAB /* GTMIPhoneUnitTestMain.m in Sources */ = {isa = PBXBuildFile; fileRef = DB141F5A0EF4A2C900868FAB /* GTMIPhoneUnitTestMain.m */; };
		DB141F600EF4A2C900868FAB /* GTMIPhoneUnitTestDelegate.m in Sources */ = {isa = PBXBuildFile; fileRef = DB141F5B0EF4A2C900868FAB /* GTMIPhoneUnitTestDelegate.m */; };
		DB141F610EF4A2C900868FAB /* GTMSenTestCase.m in Sources */ = {isa = PBXBuildFile; fileRef = DB141F5E0EF4A2C900868FAB /* GTMSenTestCase.m */; };
		DB141F730EF4A3FF00868FAB /* UnitTest Help.rtf in Resources */ = {isa = PBXBuildFile; fileRef = DB141F720EF4A3FF00868FAB /* UnitTest Help.rtf */; };
		DB1FD1650EF1950F0000E78E /* TRRetortFacade.m in Sources */ = {isa = PBXBuildFile; fileRef = DB1FD1640EF1950F0000E78E /* TRRetortFacade.m */; };
		DB1FD30C0EF1D39F0000E78E /* TRRetortXMLParser.m in Sources */ = {isa = PBXBuildFile; fileRef = DB1FD30B0EF1D39F0000E78E /* TRRetortXMLParser.m */; };
		DB59FE760EF8088700E59D12 /* FEUrlHelper.m in Sources */ = {isa = PBXBuildFile; fileRef = DB1126590EEF047300137EBC /* FEUrlHelper.m */; };
		DB6849C90EF0257B0094CC24 /* CGPointUtils.c in Sources */ = {isa = PBXBuildFile; fileRef = DB6849C70EF0257B0094CC24 /* CGPointUtils.c */; };
		DB6DCA3F0EF8B0B5008C1C62 /* SettingsView.xib in Resources */ = {isa = PBXBuildFile; fileRef = DB6DCA3E0EF8B0B5008C1C62 /* SettingsView.xib */; };
		DB6DCA420EF8B0D1008C1C62 /* TRViewHelper.m in Sources */ = {isa = PBXBuildFile; fileRef = DB6DCA410EF8B0D1008C1C62 /* TRViewHelper.m */; };
		DB82EB940EF0963D007C507A /* FavoritesViewController.m in Sources */ = {isa = PBXBuildFile; fileRef = DB82EB930EF0963D007C507A /* FavoritesViewController.m */; };
		DBDC5EE30EF091740055CD29 /* tab-favs.png in Resources */ = {isa = PBXBuildFile; fileRef = DBDC5EE20EF091740055CD29 /* tab-favs.png */; };
		DBDC5EE50EF0917C0055CD29 /* tab-five.png in Resources */ = {isa = PBXBuildFile; fileRef = DBDC5EE40EF0917C0055CD29 /* tab-five.png */; };
		DBDC5EE70EF091890055CD29 /* tab-settings.png in Resources */ = {isa = PBXBuildFile; fileRef = DBDC5EE60EF091890055CD29 /* tab-settings.png */; };
		DBDC5EEA0EF091B80055CD29 /* NavBarLogo.png in Resources */ = {isa = PBXBuildFile; fileRef = DBDC5EE90EF091B80055CD29 /* NavBarLogo.png */; };
		DC2519CA0EF86AAD00B84B66 /* TRRetortXMLParserTest_testStandardXml.xml in Resources */ = {isa = PBXBuildFile; fileRef = DC2519C90EF86AAD00B84B66 /* TRRetortXMLParserTest_testStandardXml.xml */; };
		DC2519CC0EF86AE700B84B66 /* TRRetortXMLParserTest_testSuperSimpleXML.xml in Resources */ = {isa = PBXBuildFile; fileRef = DC2519CB0EF86AE700B84B66 /* TRRetortXMLParserTest_testSuperSimpleXML.xml */; };
		DC620DB70EF85D260043E7BF /* TRAttribution.m in Sources */ = {isa = PBXBuildFile; fileRef = DB11263A0EEEED5600137EBC /* TRAttribution.m */; };
		DC77CA050EF6F9250083F5CA /* TRRetortXMLParserTest.m in Sources */ = {isa = PBXBuildFile; fileRef = DC77CA040EF6F9250083F5CA /* TRRetortXMLParserTest.m */; };
		DC77CA6F0EF7206D0083F5CA /* UnitTest Help.rtf in Resources */ = {isa = PBXBuildFile; fileRef = DB141F720EF4A3FF00868FAB /* UnitTest Help.rtf */; };
		DC77CAEB0EF83D1F0083F5CA /* TRRetort.m in Sources */ = {isa = PBXBuildFile; fileRef = DB11263D0EEEED7300137EBC /* TRRetort.m */; };
		DC77CAEC0EF83D1F0083F5CA /* TRRating.m in Sources */ = {isa = PBXBuildFile; fileRef = DB1126460EEEEDC900137EBC /* TRRating.m */; };
		DC77CAED0EF83D1F0083F5CA /* TRTag.m in Sources */ = {isa = PBXBuildFile; fileRef = DB1126490EEEEDD500137EBC /* TRTag.m */; };
		DC77CAEE0EF83D1F0083F5CA /* TRRetortXMLParser.m in Sources */ = {isa = PBXBuildFile; fileRef = DB1FD30B0EF1D39F0000E78E /* TRRetortXMLParser.m */; };
		DCC9145C0EF2F67E0076F8C9 /* Properties.plist in Resources */ = {isa = PBXBuildFile; fileRef = DCC9145B0EF2F67E0076F8C9 /* Properties.plist */; };
/* End PBXBuildFile section */

/* Begin PBXContainerItemProxy section */
		DC6775850EF8629900913900 /* PBXContainerItemProxy */ = {
			isa = PBXContainerItemProxy;
			containerPortal = 29B97313FDCFA39411CA2CEA /* Project object */;
			proxyType = 1;
			remoteGlobalIDString = 1D6058900D05DD3D006BFB54;
			remoteInfo = Retorted;
		};
/* End PBXContainerItemProxy section */

/* Begin PBXFileReference section */
		1D30AB110D05D00D00671497 /* Foundation.framework */ = {isa = PBXFileReference; lastKnownFileType = wrapper.framework; name = Foundation.framework; path = System/Library/Frameworks/Foundation.framework; sourceTree = SDKROOT; };
		1D3623240D0F684500981E51 /* RetortedAppDelegate.h */ = {isa = PBXFileReference; fileEncoding = 4; lastKnownFileType = sourcecode.c.h; name = RetortedAppDelegate.h; path = Classes/RetortedAppDelegate.h; sourceTree = "<group>"; };
		1D3623250D0F684500981E51 /* RetortedAppDelegate.m */ = {isa = PBXFileReference; fileEncoding = 4; lastKnownFileType = sourcecode.c.objc; name = RetortedAppDelegate.m; path = Classes/RetortedAppDelegate.m; sourceTree = "<group>"; };
		1D6058910D05DD3D006BFB54 /* Retorted.app */ = {isa = PBXFileReference; explicitFileType = wrapper.application; includeInIndex = 0; path = Retorted.app; sourceTree = BUILT_PRODUCTS_DIR; };
		1DF5F4DF0D08C38300B7A737 /* UIKit.framework */ = {isa = PBXFileReference; lastKnownFileType = wrapper.framework; name = UIKit.framework; path = System/Library/Frameworks/UIKit.framework; sourceTree = SDKROOT; };
		28216C950DB411BC00E5133A /* HomeViewController.h */ = {isa = PBXFileReference; fileEncoding = 4; lastKnownFileType = sourcecode.c.h; name = HomeViewController.h; path = Classes/HomeViewController.h; sourceTree = "<group>"; };
		28216C960DB411BC00E5133A /* HomeViewController.m */ = {isa = PBXFileReference; fileEncoding = 4; lastKnownFileType = sourcecode.c.objc; name = HomeViewController.m; path = Classes/HomeViewController.m; sourceTree = "<group>"; };
		288765070DF74369002DB57D /* CoreGraphics.framework */ = {isa = PBXFileReference; lastKnownFileType = wrapper.framework; name = CoreGraphics.framework; path = System/Library/Frameworks/CoreGraphics.framework; sourceTree = SDKROOT; };
		28A0AB4B0D9B1048005BE974 /* Retorted_Prefix.pch */ = {isa = PBXFileReference; fileEncoding = 4; lastKnownFileType = sourcecode.c.h; path = Retorted_Prefix.pch; sourceTree = "<group>"; };
		28AD73870D9D96C1002E5188 /* MainWindow.xib */ = {isa = PBXFileReference; lastKnownFileType = file.xib; path = MainWindow.xib; sourceTree = "<group>"; };
		29B97316FDCFA39411CA2CEA /* main.m */ = {isa = PBXFileReference; fileEncoding = 4; lastKnownFileType = sourcecode.c.objc; path = main.m; sourceTree = "<group>"; };
		45812E750EF1C0B500FC2D21 /* tab-tag.png */ = {isa = PBXFileReference; lastKnownFileType = image.png; path = "tab-tag.png"; sourceTree = "<group>"; };
		45812E900EF1D81400FC2D21 /* Default.png */ = {isa = PBXFileReference; lastKnownFileType = image.png; path = Default.png; sourceTree = "<group>"; };
		45B947660EF18C0E004C00EE /* Icon.png */ = {isa = PBXFileReference; lastKnownFileType = image.png; path = Icon.png; sourceTree = "<group>"; };
		8D1107310486CEB800E47090 /* Info.plist */ = {isa = PBXFileReference; fileEncoding = 4; lastKnownFileType = text.plist.xml; path = Info.plist; sourceTree = "<group>"; };
		DB0030BA0EF0A44F00404183 /* TRTagSorter.h */ = {isa = PBXFileReference; fileEncoding = 4; lastKnownFileType = sourcecode.c.h; path = TRTagSorter.h; sourceTree = "<group>"; };
		DB0030BB0EF0A44F00404183 /* TRTagSorter.m */ = {isa = PBXFileReference; fileEncoding = 4; lastKnownFileType = sourcecode.c.objc; path = TRTagSorter.m; sourceTree = "<group>"; };
		DB08FF9E0EF2D7DE000FB1AB /* TagViewController.h */ = {isa = PBXFileReference; fileEncoding = 4; lastKnownFileType = sourcecode.c.h; path = TagViewController.h; sourceTree = "<group>"; };
		DB08FF9F0EF2D7DE000FB1AB /* TagViewController.m */ = {isa = PBXFileReference; fileEncoding = 4; lastKnownFileType = sourcecode.c.objc; path = TagViewController.m; sourceTree = "<group>"; };
		DB08FFA40EF2D898000FB1AB /* TagView.xib */ = {isa = PBXFileReference; lastKnownFileType = file.xib; path = TagView.xib; sourceTree = "<group>"; };
		DB1126390EEEED5600137EBC /* TRAttribution.h */ = {isa = PBXFileReference; fileEncoding = 4; lastKnownFileType = sourcecode.c.h; path = TRAttribution.h; sourceTree = "<group>"; };
		DB11263A0EEEED5600137EBC /* TRAttribution.m */ = {isa = PBXFileReference; fileEncoding = 4; lastKnownFileType = sourcecode.c.objc; path = TRAttribution.m; sourceTree = "<group>"; };
		DB11263C0EEEED7300137EBC /* TRRetort.h */ = {isa = PBXFileReference; fileEncoding = 4; lastKnownFileType = sourcecode.c.h; path = TRRetort.h; sourceTree = "<group>"; };
		DB11263D0EEEED7300137EBC /* TRRetort.m */ = {isa = PBXFileReference; fileEncoding = 4; lastKnownFileType = sourcecode.c.objc; path = TRRetort.m; sourceTree = "<group>"; };
		DB1126450EEEEDC900137EBC /* TRRating.h */ = {isa = PBXFileReference; fileEncoding = 4; lastKnownFileType = sourcecode.c.h; path = TRRating.h; sourceTree = "<group>"; };
		DB1126460EEEEDC900137EBC /* TRRating.m */ = {isa = PBXFileReference; fileEncoding = 4; lastKnownFileType = sourcecode.c.objc; path = TRRating.m; sourceTree = "<group>"; };
		DB1126480EEEEDD500137EBC /* TRTag.h */ = {isa = PBXFileReference; fileEncoding = 4; lastKnownFileType = sourcecode.c.h; path = TRTag.h; sourceTree = "<group>"; };
		DB1126490EEEEDD500137EBC /* TRTag.m */ = {isa = PBXFileReference; fileEncoding = 4; lastKnownFileType = sourcecode.c.objc; path = TRTag.m; sourceTree = "<group>"; };
		DB1126580EEF047300137EBC /* FEUrlHelper.h */ = {isa = PBXFileReference; fileEncoding = 4; lastKnownFileType = sourcecode.c.h; path = FEUrlHelper.h; sourceTree = "<group>"; };
		DB1126590EEF047300137EBC /* FEUrlHelper.m */ = {isa = PBXFileReference; fileEncoding = 4; lastKnownFileType = sourcecode.c.objc; path = FEUrlHelper.m; sourceTree = "<group>"; };
		DB1126B90EEF27B600137EBC /* RetortViewController.h */ = {isa = PBXFileReference; fileEncoding = 4; lastKnownFileType = sourcecode.c.h; path = RetortViewController.h; sourceTree = "<group>"; };
		DB1126BA0EEF27B600137EBC /* RetortViewController.m */ = {isa = PBXFileReference; fileEncoding = 4; lastKnownFileType = sourcecode.c.objc; path = RetortViewController.m; sourceTree = "<group>"; };
		DB1126BF0EEF28B600137EBC /* HomeView.xib */ = {isa = PBXFileReference; lastKnownFileType = file.xib; path = HomeView.xib; sourceTree = "<group>"; };
		DB1126C30EEF28E900137EBC /* RetortView.xib */ = {isa = PBXFileReference; lastKnownFileType = file.xib; path = RetortView.xib; sourceTree = "<group>"; };
		DB1128660EEF618700137EBC /* TRTagCloudHelper.h */ = {isa = PBXFileReference; fileEncoding = 4; lastKnownFileType = sourcecode.c.h; path = TRTagCloudHelper.h; sourceTree = "<group>"; };
		DB1128670EEF618700137EBC /* TRTagCloudHelper.m */ = {isa = PBXFileReference; fileEncoding = 4; lastKnownFileType = sourcecode.c.objc; path = TRTagCloudHelper.m; sourceTree = "<group>"; };
		DB1128840EEF73FA00137EBC /* ql.png */ = {isa = PBXFileReference; lastKnownFileType = image.png; path = ql.png; sourceTree = "<group>"; };
		DB1128850EEF73FA00137EBC /* qr.png */ = {isa = PBXFileReference; lastKnownFileType = image.png; path = qr.png; sourceTree = "<group>"; };
		DB141E260EF3758300868FAB /* SettingsViewController.h */ = {isa = PBXFileReference; fileEncoding = 4; lastKnownFileType = sourcecode.c.h; path = SettingsViewController.h; sourceTree = "<group>"; };
		DB141E270EF3758300868FAB /* SettingsViewController.m */ = {isa = PBXFileReference; fileEncoding = 4; lastKnownFileType = sourcecode.c.objc; path = SettingsViewController.m; sourceTree = "<group>"; };
		DB141E980EF3864900868FAB /* FavoritesView.xib */ = {isa = PBXFileReference; lastKnownFileType = file.xib; path = FavoritesView.xib; sourceTree = "<group>"; };
		DB141F520EF4A20A00868FAB /* UnitTest.app */ = {isa = PBXFileReference; explicitFileType = wrapper.application; includeInIndex = 0; path = UnitTest.app; sourceTree = BUILT_PRODUCTS_DIR; };
		DB141F540EF4A20A00868FAB /* UnitTest-Info.plist */ = {isa = PBXFileReference; lastKnownFileType = text.plist.xml; path = "UnitTest-Info.plist"; sourceTree = "<group>"; };
		DB141F5A0EF4A2C900868FAB /* GTMIPhoneUnitTestMain.m */ = {isa = PBXFileReference; fileEncoding = 4; lastKnownFileType = sourcecode.c.objc; path = GTMIPhoneUnitTestMain.m; sourceTree = "<group>"; };
		DB141F5B0EF4A2C900868FAB /* GTMIPhoneUnitTestDelegate.m */ = {isa = PBXFileReference; fileEncoding = 4; lastKnownFileType = sourcecode.c.objc; path = GTMIPhoneUnitTestDelegate.m; sourceTree = "<group>"; };
		DB141F5C0EF4A2C900868FAB /* GTMIPhoneUnitTestDelegate.h */ = {isa = PBXFileReference; fileEncoding = 4; lastKnownFileType = sourcecode.c.h; path = GTMIPhoneUnitTestDelegate.h; sourceTree = "<group>"; };
		DB141F5D0EF4A2C900868FAB /* GTMSenTestCase.h */ = {isa = PBXFileReference; fileEncoding = 4; lastKnownFileType = sourcecode.c.h; path = GTMSenTestCase.h; sourceTree = "<group>"; };
		DB141F5E0EF4A2C900868FAB /* GTMSenTestCase.m */ = {isa = PBXFileReference; fileEncoding = 4; lastKnownFileType = sourcecode.c.objc; path = GTMSenTestCase.m; sourceTree = "<group>"; };
		DB141F620EF4A2DB00868FAB /* GTMDefines.h */ = {isa = PBXFileReference; fileEncoding = 4; lastKnownFileType = sourcecode.c.h; path = GTMDefines.h; sourceTree = "<group>"; };
		DB141F720EF4A3FF00868FAB /* UnitTest Help.rtf */ = {isa = PBXFileReference; lastKnownFileType = text.rtf; path = "UnitTest Help.rtf"; sourceTree = "<group>"; };
		DB1FD1630EF1950F0000E78E /* TRRetortFacade.h */ = {isa = PBXFileReference; fileEncoding = 4; lastKnownFileType = sourcecode.c.h; path = TRRetortFacade.h; sourceTree = "<group>"; };
		DB1FD1640EF1950F0000E78E /* TRRetortFacade.m */ = {isa = PBXFileReference; fileEncoding = 4; lastKnownFileType = sourcecode.c.objc; path = TRRetortFacade.m; sourceTree = "<group>"; };
		DB1FD30A0EF1D39F0000E78E /* TRRetortXMLParser.h */ = {isa = PBXFileReference; fileEncoding = 4; lastKnownFileType = sourcecode.c.h; path = TRRetortXMLParser.h; sourceTree = "<group>"; };
		DB1FD30B0EF1D39F0000E78E /* TRRetortXMLParser.m */ = {isa = PBXFileReference; fileEncoding = 4; lastKnownFileType = sourcecode.c.objc; path = TRRetortXMLParser.m; sourceTree = "<group>"; };
		DB6849C70EF0257B0094CC24 /* CGPointUtils.c */ = {isa = PBXFileReference; fileEncoding = 4; lastKnownFileType = sourcecode.c.c; path = CGPointUtils.c; sourceTree = "<group>"; };
		DB6849C80EF0257B0094CC24 /* CGPointUtils.h */ = {isa = PBXFileReference; fileEncoding = 4; lastKnownFileType = sourcecode.c.h; path = CGPointUtils.h; sourceTree = "<group>"; };
		DB6DCA3E0EF8B0B5008C1C62 /* SettingsView.xib */ = {isa = PBXFileReference; lastKnownFileType = file.xib; path = SettingsView.xib; sourceTree = "<group>"; };
		DB6DCA400EF8B0D1008C1C62 /* TRViewHelper.h */ = {isa = PBXFileReference; fileEncoding = 4; lastKnownFileType = sourcecode.c.h; path = TRViewHelper.h; sourceTree = "<group>"; };
		DB6DCA410EF8B0D1008C1C62 /* TRViewHelper.m */ = {isa = PBXFileReference; fileEncoding = 4; lastKnownFileType = sourcecode.c.objc; path = TRViewHelper.m; sourceTree = "<group>"; };
		DB82EB920EF0963D007C507A /* FavoritesViewController.h */ = {isa = PBXFileReference; fileEncoding = 4; lastKnownFileType = sourcecode.c.h; path = FavoritesViewController.h; sourceTree = "<group>"; };
		DB82EB930EF0963D007C507A /* FavoritesViewController.m */ = {isa = PBXFileReference; fileEncoding = 4; lastKnownFileType = sourcecode.c.objc; path = FavoritesViewController.m; sourceTree = "<group>"; };
		DBDC5EE20EF091740055CD29 /* tab-favs.png */ = {isa = PBXFileReference; lastKnownFileType = image.png; path = "tab-favs.png"; sourceTree = "<group>"; };
		DBDC5EE40EF0917C0055CD29 /* tab-five.png */ = {isa = PBXFileReference; lastKnownFileType = image.png; path = "tab-five.png"; sourceTree = "<group>"; };
		DBDC5EE60EF091890055CD29 /* tab-settings.png */ = {isa = PBXFileReference; lastKnownFileType = image.png; path = "tab-settings.png"; sourceTree = "<group>"; };
		DBDC5EE90EF091B80055CD29 /* NavBarLogo.png */ = {isa = PBXFileReference; lastKnownFileType = image.png; path = NavBarLogo.png; sourceTree = "<group>"; };
		DC2519C90EF86AAD00B84B66 /* TRRetortXMLParserTest_testStandardXml.xml */ = {isa = PBXFileReference; fileEncoding = 4; lastKnownFileType = text.xml; path = TRRetortXMLParserTest_testStandardXml.xml; sourceTree = "<group>"; };
		DC2519CB0EF86AE700B84B66 /* TRRetortXMLParserTest_testSuperSimpleXML.xml */ = {isa = PBXFileReference; fileEncoding = 4; lastKnownFileType = text.xml; path = TRRetortXMLParserTest_testSuperSimpleXML.xml; sourceTree = "<group>"; };
		DC77CA030EF6F9250083F5CA /* TRRetortXMLParserTest.h */ = {isa = PBXFileReference; fileEncoding = 4; lastKnownFileType = sourcecode.c.h; path = TRRetortXMLParserTest.h; sourceTree = "<group>"; };
		DC77CA040EF6F9250083F5CA /* TRRetortXMLParserTest.m */ = {isa = PBXFileReference; fileEncoding = 4; lastKnownFileType = sourcecode.c.objc; path = TRRetortXMLParserTest.m; sourceTree = "<group>"; };
		DCC9145B0EF2F67E0076F8C9 /* Properties.plist */ = {isa = PBXFileReference; fileEncoding = 4; lastKnownFileType = text.plist.xml; path = Properties.plist; sourceTree = "<group>"; };
/* End PBXFileReference section */

/* Begin PBXFrameworksBuildPhase section */
		1D60588F0D05DD3D006BFB54 /* Frameworks */ = {
			isa = PBXFrameworksBuildPhase;
			buildActionMask = 2147483647;
			files = (
				1D60589F0D05DD5A006BFB54 /* Foundation.framework in Frameworks */,
				1DF5F4E00D08C38300B7A737 /* UIKit.framework in Frameworks */,
				288765080DF74369002DB57D /* CoreGraphics.framework in Frameworks */,
			);
			runOnlyForDeploymentPostprocessing = 0;
		};
		DB141F500EF4A20A00868FAB /* Frameworks */ = {
			isa = PBXFrameworksBuildPhase;
			buildActionMask = 2147483647;
			files = (
			);
			runOnlyForDeploymentPostprocessing = 0;
		};
/* End PBXFrameworksBuildPhase section */

/* Begin PBXGroup section */
		19C28FACFE9D520D11CA2CBB /* Products */ = {
			isa = PBXGroup;
			children = (
				1D6058910D05DD3D006BFB54 /* Retorted.app */,
				DB141F520EF4A20A00868FAB /* UnitTest.app */,
			);
			name = Products;
			sourceTree = "<group>";
		};
		29B97314FDCFA39411CA2CEA /* Retorted */ = {
			isa = PBXGroup;
			children = (
				DB141F440EF4A18D00868FAB /* UnitTests */,
				DB1126360EEEECEA00137EBC /* Application Support */,
				DB1126350EEEECB900137EBC /* View Controllers */,
				DB1126330EEEEC9100137EBC /* Model Classes */,
				DB1126320EEEEC8700137EBC /* Helpers */,
				29B97315FDCFA39411CA2CEA /* Other Sources */,
				29B97317FDCFA39411CA2CEA /* Resources */,
				29B97323FDCFA39411CA2CEA /* Frameworks */,
				19C28FACFE9D520D11CA2CBB /* Products */,
				DB141F540EF4A20A00868FAB /* UnitTest-Info.plist */,
			);
			name = Retorted;
			sourceTree = "<group>";
		};
		29B97315FDCFA39411CA2CEA /* Other Sources */ = {
			isa = PBXGroup;
			children = (
				28A0AB4B0D9B1048005BE974 /* Retorted_Prefix.pch */,
				29B97316FDCFA39411CA2CEA /* main.m */,
			);
			name = "Other Sources";
			sourceTree = "<group>";
		};
		29B97317FDCFA39411CA2CEA /* Resources */ = {
			isa = PBXGroup;
			children = (
				DCC9145B0EF2F67E0076F8C9 /* Properties.plist */,
				DB1128830EEF73F200137EBC /* Images */,
				28AD73870D9D96C1002E5188 /* MainWindow.xib */,
				8D1107310486CEB800E47090 /* Info.plist */,
				DB1126BF0EEF28B600137EBC /* HomeView.xib */,
				DB6DCA3E0EF8B0B5008C1C62 /* SettingsView.xib */,
				DB141E980EF3864900868FAB /* FavoritesView.xib */,
				DB1126C30EEF28E900137EBC /* RetortView.xib */,
				DB08FFA40EF2D898000FB1AB /* TagView.xib */,
			);
			name = Resources;
			sourceTree = "<group>";
		};
		29B97323FDCFA39411CA2CEA /* Frameworks */ = {
			isa = PBXGroup;
			children = (
				1DF5F4DF0D08C38300B7A737 /* UIKit.framework */,
				1D30AB110D05D00D00671497 /* Foundation.framework */,
				288765070DF74369002DB57D /* CoreGraphics.framework */,
			);
			name = Frameworks;
			sourceTree = "<group>";
		};
		DB1126320EEEEC8700137EBC /* Helpers */ = {
			isa = PBXGroup;
			children = (
				DB6DCA400EF8B0D1008C1C62 /* TRViewHelper.h */,
				DB6DCA410EF8B0D1008C1C62 /* TRViewHelper.m */,
				DB6849C70EF0257B0094CC24 /* CGPointUtils.c */,
				DB6849C80EF0257B0094CC24 /* CGPointUtils.h */,
				DB1126580EEF047300137EBC /* FEUrlHelper.h */,
				DB1126590EEF047300137EBC /* FEUrlHelper.m */,
				DB1128660EEF618700137EBC /* TRTagCloudHelper.h */,
				DB1128670EEF618700137EBC /* TRTagCloudHelper.m */,
				DB0030BA0EF0A44F00404183 /* TRTagSorter.h */,
				DB0030BB0EF0A44F00404183 /* TRTagSorter.m */,
				DB1FD30A0EF1D39F0000E78E /* TRRetortXMLParser.h */,
				DB1FD30B0EF1D39F0000E78E /* TRRetortXMLParser.m */,
				DB1FD1630EF1950F0000E78E /* TRRetortFacade.h */,
				DB1FD1640EF1950F0000E78E /* TRRetortFacade.m */,
			);
			name = Helpers;
			sourceTree = "<group>";
		};
		DB1126330EEEEC9100137EBC /* Model Classes */ = {
			isa = PBXGroup;
			children = (
				DB1126390EEEED5600137EBC /* TRAttribution.h */,
				DB11263A0EEEED5600137EBC /* TRAttribution.m */,
				DB11263C0EEEED7300137EBC /* TRRetort.h */,
				DB11263D0EEEED7300137EBC /* TRRetort.m */,
				DB1126450EEEEDC900137EBC /* TRRating.h */,
				DB1126460EEEEDC900137EBC /* TRRating.m */,
				DB1126480EEEEDD500137EBC /* TRTag.h */,
				DB1126490EEEEDD500137EBC /* TRTag.m */,
			);
			name = "Model Classes";
			sourceTree = "<group>";
		};
		DB1126350EEEECB900137EBC /* View Controllers */ = {
			isa = PBXGroup;
			children = (
				28216C950DB411BC00E5133A /* HomeViewController.h */,
				28216C960DB411BC00E5133A /* HomeViewController.m */,
				DB1126B90EEF27B600137EBC /* RetortViewController.h */,
				DB1126BA0EEF27B600137EBC /* RetortViewController.m */,
				DB82EB920EF0963D007C507A /* FavoritesViewController.h */,
				DB82EB930EF0963D007C507A /* FavoritesViewController.m */,
				DB08FF9E0EF2D7DE000FB1AB /* TagViewController.h */,
				DB08FF9F0EF2D7DE000FB1AB /* TagViewController.m */,
				DB141E260EF3758300868FAB /* SettingsViewController.h */,
				DB141E270EF3758300868FAB /* SettingsViewController.m */,
			);
			name = "View Controllers";
			sourceTree = "<group>";
		};
		DB1126360EEEECEA00137EBC /* Application Support */ = {
			isa = PBXGroup;
			children = (
				1D3623240D0F684500981E51 /* RetortedAppDelegate.h */,
				1D3623250D0F684500981E51 /* RetortedAppDelegate.m */,
			);
			name = "Application Support";
			sourceTree = "<group>";
		};
		DB1128830EEF73F200137EBC /* Images */ = {
			isa = PBXGroup;
			children = (
				45812E900EF1D81400FC2D21 /* Default.png */,
				45812E750EF1C0B500FC2D21 /* tab-tag.png */,
				45B947660EF18C0E004C00EE /* Icon.png */,
				DBDC5EE90EF091B80055CD29 /* NavBarLogo.png */,
				DBDC5EE60EF091890055CD29 /* tab-settings.png */,
				DBDC5EE20EF091740055CD29 /* tab-favs.png */,
				DBDC5EE40EF0917C0055CD29 /* tab-five.png */,
				DB1128840EEF73FA00137EBC /* ql.png */,
				DB1128850EEF73FA00137EBC /* qr.png */,
			);
			name = Images;
			sourceTree = "<group>";
		};
		DB141F440EF4A18D00868FAB /* UnitTests */ = {
			isa = PBXGroup;
			children = (
				DC2519C90EF86AAD00B84B66 /* TRRetortXMLParserTest_testStandardXml.xml */,
				DB141F490EF4A1A900868FAB /* GTM */,
				DB141F720EF4A3FF00868FAB /* UnitTest Help.rtf */,
				DC77CA030EF6F9250083F5CA /* TRRetortXMLParserTest.h */,
				DC77CA040EF6F9250083F5CA /* TRRetortXMLParserTest.m */,
				DC2519CB0EF86AE700B84B66 /* TRRetortXMLParserTest_testSuperSimpleXML.xml */,
			);
			name = UnitTests;
			sourceTree = "<group>";
		};
		DB141F490EF4A1A900868FAB /* GTM */ = {
			isa = PBXGroup;
			children = (
				DB141F620EF4A2DB00868FAB /* GTMDefines.h */,
				DB141F5A0EF4A2C900868FAB /* GTMIPhoneUnitTestMain.m */,
				DB141F5B0EF4A2C900868FAB /* GTMIPhoneUnitTestDelegate.m */,
				DB141F5C0EF4A2C900868FAB /* GTMIPhoneUnitTestDelegate.h */,
				DB141F5D0EF4A2C900868FAB /* GTMSenTestCase.h */,
				DB141F5E0EF4A2C900868FAB /* GTMSenTestCase.m */,
			);
			name = GTM;
			sourceTree = "<group>";
		};
/* End PBXGroup section */

/* Begin PBXNativeTarget section */
		1D6058900D05DD3D006BFB54 /* Retorted */ = {
			isa = PBXNativeTarget;
			buildConfigurationList = 1D6058960D05DD3E006BFB54 /* Build configuration list for PBXNativeTarget "Retorted" */;
			buildPhases = (
				1D60588D0D05DD3D006BFB54 /* Resources */,
				1D60588E0D05DD3D006BFB54 /* Sources */,
				1D60588F0D05DD3D006BFB54 /* Frameworks */,
			);
			buildRules = (
			);
			dependencies = (
			);
			name = Retorted;
			productName = Retorted;
			productReference = 1D6058910D05DD3D006BFB54 /* Retorted.app */;
			productType = "com.apple.product-type.application";
		};
		DB141F510EF4A20A00868FAB /* UnitTest */ = {
			isa = PBXNativeTarget;
			buildConfigurationList = DB141F570EF4A20C00868FAB /* Build configuration list for PBXNativeTarget "UnitTest" */;
			buildPhases = (
				DB141F4E0EF4A20A00868FAB /* Resources */,
				DB141F4F0EF4A20A00868FAB /* Sources */,
				DB141F500EF4A20A00868FAB /* Frameworks */,
				DB141F680EF4A2FD00868FAB /* ShellScript */,
			);
			buildRules = (
			);
			dependencies = (
				DC6775860EF8629900913900 /* PBXTargetDependency */,
			);
			name = UnitTest;
			productName = UnitTest;
			productReference = DB141F520EF4A20A00868FAB /* UnitTest.app */;
			productType = "com.apple.product-type.application";
		};
/* End PBXNativeTarget section */

/* Begin PBXProject section */
		29B97313FDCFA39411CA2CEA /* Project object */ = {
			isa = PBXProject;
			buildConfigurationList = C01FCF4E08A954540054247B /* Build configuration list for PBXProject "Retorted" */;
			compatibilityVersion = "Xcode 3.1";
			hasScannedForEncodings = 1;
			mainGroup = 29B97314FDCFA39411CA2CEA /* Retorted */;
			projectDirPath = "";
			projectRoot = "";
			targets = (
				1D6058900D05DD3D006BFB54 /* Retorted */,
				DB141F510EF4A20A00868FAB /* UnitTest */,
			);
		};
/* End PBXProject section */

/* Begin PBXResourcesBuildPhase section */
		1D60588D0D05DD3D006BFB54 /* Resources */ = {
			isa = PBXResourcesBuildPhase;
			buildActionMask = 2147483647;
			files = (
				DC77CA6F0EF7206D0083F5CA /* UnitTest Help.rtf in Resources */,
				28AD73880D9D96C1002E5188 /* MainWindow.xib in Resources */,
				DB1126C00EEF28B600137EBC /* HomeView.xib in Resources */,
				DB1126C40EEF28E900137EBC /* RetortView.xib in Resources */,
				DB1128860EEF73FA00137EBC /* ql.png in Resources */,
				DB1128870EEF73FA00137EBC /* qr.png in Resources */,
				DBDC5EE30EF091740055CD29 /* tab-favs.png in Resources */,
				DBDC5EE50EF0917C0055CD29 /* tab-five.png in Resources */,
				DBDC5EE70EF091890055CD29 /* tab-settings.png in Resources */,
				DBDC5EEA0EF091B80055CD29 /* NavBarLogo.png in Resources */,
				45B947670EF18C0E004C00EE /* Icon.png in Resources */,
				45812E760EF1C0B500FC2D21 /* tab-tag.png in Resources */,
				45812E910EF1D81400FC2D21 /* Default.png in Resources */,
				DB08FFA50EF2D898000FB1AB /* TagView.xib in Resources */,
				DCC9145C0EF2F67E0076F8C9 /* Properties.plist in Resources */,
				DB141E990EF3864900868FAB /* FavoritesView.xib in Resources */,
				DB6DCA3F0EF8B0B5008C1C62 /* SettingsView.xib in Resources */,
			);
			runOnlyForDeploymentPostprocessing = 0;
		};
		DB141F4E0EF4A20A00868FAB /* Resources */ = {
			isa = PBXResourcesBuildPhase;
			buildActionMask = 2147483647;
			files = (
				DB141F730EF4A3FF00868FAB /* UnitTest Help.rtf in Resources */,
				DC2519CA0EF86AAD00B84B66 /* TRRetortXMLParserTest_testStandardXml.xml in Resources */,
				DC2519CC0EF86AE700B84B66 /* TRRetortXMLParserTest_testSuperSimpleXML.xml in Resources */,
			);
			runOnlyForDeploymentPostprocessing = 0;
		};
/* End PBXResourcesBuildPhase section */

/* Begin PBXShellScriptBuildPhase section */
		DB141F680EF4A2FD00868FAB /* ShellScript */ = {
			isa = PBXShellScriptBuildPhase;
			buildActionMask = 2147483647;
			files = (
			);
			inputPaths = (
			);
			outputPaths = (
			);
			runOnlyForDeploymentPostprocessing = 0;
			shellPath = /bin/sh;
			shellScript = "\"${SRCROOT}/../google-toolbox-for-mac-1-5-1/UnitTesting/RuniPhoneUnitTest.sh\"";
		};
/* End PBXShellScriptBuildPhase section */

/* Begin PBXSourcesBuildPhase section */
		1D60588E0D05DD3D006BFB54 /* Sources */ = {
			isa = PBXSourcesBuildPhase;
			buildActionMask = 2147483647;
			files = (
				1D60589B0D05DD56006BFB54 /* main.m in Sources */,
				1D3623260D0F684500981E51 /* RetortedAppDelegate.m in Sources */,
				28216C970DB411BC00E5133A /* HomeViewController.m in Sources */,
				DB11263B0EEEED5600137EBC /* TRAttribution.m in Sources */,
				DB11263E0EEEED7300137EBC /* TRRetort.m in Sources */,
				DB1126470EEEEDC900137EBC /* TRRating.m in Sources */,
				DB11264A0EEEEDD500137EBC /* TRTag.m in Sources */,
				DB11265A0EEF047300137EBC /* FEUrlHelper.m in Sources */,
				DB1126BB0EEF27B600137EBC /* RetortViewController.m in Sources */,
				DB1128680EEF618700137EBC /* TRTagCloudHelper.m in Sources */,
				DB6849C90EF0257B0094CC24 /* CGPointUtils.c in Sources */,
				DB82EB940EF0963D007C507A /* FavoritesViewController.m in Sources */,
				DB0030BC0EF0A44F00404183 /* TRTagSorter.m in Sources */,
				DB1FD1650EF1950F0000E78E /* TRRetortFacade.m in Sources */,
				DB1FD30C0EF1D39F0000E78E /* TRRetortXMLParser.m in Sources */,
				DB08FFA00EF2D7DE000FB1AB /* TagViewController.m in Sources */,
				DB141E280EF3758300868FAB /* SettingsViewController.m in Sources */,
				DB6DCA420EF8B0D1008C1C62 /* TRViewHelper.m in Sources */,
			);
			runOnlyForDeploymentPostprocessing = 0;
		};
		DB141F4F0EF4A20A00868FAB /* Sources */ = {
			isa = PBXSourcesBuildPhase;
			buildActionMask = 2147483647;
			files = (
				DB59FE760EF8088700E59D12 /* FEUrlHelper.m in Sources */,
				DC77CAEB0EF83D1F0083F5CA /* TRRetort.m in Sources */,
				DC77CAEC0EF83D1F0083F5CA /* TRRating.m in Sources */,
				DC77CAED0EF83D1F0083F5CA /* TRTag.m in Sources */,
				DC77CAEE0EF83D1F0083F5CA /* TRRetortXMLParser.m in Sources */,
				DB141F5F0EF4A2C900868FAB /* GTMIPhoneUnitTestMain.m in Sources */,
				DB141F600EF4A2C900868FAB /* GTMIPhoneUnitTestDelegate.m in Sources */,
				DB141F610EF4A2C900868FAB /* GTMSenTestCase.m in Sources */,
				DC77CA050EF6F9250083F5CA /* TRRetortXMLParserTest.m in Sources */,
				DC620DB70EF85D260043E7BF /* TRAttribution.m in Sources */,
			);
			runOnlyForDeploymentPostprocessing = 0;
		};
/* End PBXSourcesBuildPhase section */

/* Begin PBXTargetDependency section */
		DC6775860EF8629900913900 /* PBXTargetDependency */ = {
			isa = PBXTargetDependency;
			target = 1D6058900D05DD3D006BFB54 /* Retorted */;
			targetProxy = DC6775850EF8629900913900 /* PBXContainerItemProxy */;
		};
/* End PBXTargetDependency section */

/* Begin XCBuildConfiguration section */
		1D6058940D05DD3E006BFB54 /* Debug */ = {
			isa = XCBuildConfiguration;
			buildSettings = {
				ALWAYS_SEARCH_USER_PATHS = NO;
				COPY_PHASE_STRIP = NO;
				GCC_DYNAMIC_NO_PIC = NO;
				GCC_OPTIMIZATION_LEVEL = 0;
				GCC_PRECOMPILE_PREFIX_HEADER = YES;
				GCC_PREFIX_HEADER = Retorted_Prefix.pch;
				INFOPLIST_FILE = Info.plist;
				MACH_O_TYPE = mh_execute;
				PRODUCT_NAME = Retorted;
			};
			name = Debug;
		};
		1D6058950D05DD3E006BFB54 /* Release */ = {
			isa = XCBuildConfiguration;
			buildSettings = {
				ALWAYS_SEARCH_USER_PATHS = NO;
				COPY_PHASE_STRIP = YES;
				GCC_PRECOMPILE_PREFIX_HEADER = YES;
				GCC_PREFIX_HEADER = Retorted_Prefix.pch;
				INFOPLIST_FILE = Info.plist;
				PRODUCT_NAME = Retorted;
			};
			name = Release;
		};
		C01FCF4F08A954540054247B /* Debug */ = {
			isa = XCBuildConfiguration;
			buildSettings = {
				ARCHS = "$(ARCHS_STANDARD_32_BIT)";
				"CODE_SIGN_IDENTITY[sdk=iphoneos*]" = "iPhone Developer";
				GCC_C_LANGUAGE_STANDARD = c99;
				GCC_WARN_ABOUT_RETURN_TYPE = YES;
				GCC_WARN_UNUSED_VARIABLE = YES;
				ONLY_ACTIVE_ARCH = YES;
				PREBINDING = NO;
				SDKROOT = iphoneos2.1;
			};
			name = Debug;
		};
		C01FCF5008A954540054247B /* Release */ = {
			isa = XCBuildConfiguration;
			buildSettings = {
				ARCHS = "$(ARCHS_STANDARD_32_BIT)";
				"CODE_SIGN_IDENTITY[sdk=iphoneos*]" = "iPhone Developer";
				GCC_C_LANGUAGE_STANDARD = c99;
				GCC_WARN_ABOUT_RETURN_TYPE = YES;
				GCC_WARN_UNUSED_VARIABLE = YES;
				PREBINDING = NO;
				SDKROOT = iphoneos2.1;
			};
			name = Release;
		};
		DB141F550EF4A20B00868FAB /* Debug */ = {
			isa = XCBuildConfiguration;
			buildSettings = {
				ALWAYS_SEARCH_USER_PATHS = NO;
				BUNDLE_LOADER = "";
				CODE_SIGN_IDENTITY = "iPhone Developer";
				COPY_PHASE_STRIP = NO;
				GCC_DYNAMIC_NO_PIC = NO;
				GCC_OPTIMIZATION_LEVEL = 0;
				GCC_PRECOMPILE_PREFIX_HEADER = YES;
				GCC_PREFIX_HEADER = "$(SYSTEM_LIBRARY_DIR)/Frameworks/UIKit.framework/Headers/UIKit.h";
				INFOPLIST_FILE = "UnitTest-Info.plist";
				INSTALL_PATH = "$(HOME)/Applications";
				MACH_O_TYPE = mh_execute;
				OTHER_LDFLAGS = (
					"-framework",
					Foundation,
					"-framework",
					UIKit,
				);
				PREBINDING = NO;
				PRODUCT_NAME = UnitTest;
				SDKROOT = iphoneos2.2;
				STRIP_STYLE = all;
				TEST_HOST = "";
			};
			name = Debug;
		};
		DB141F560EF4A20B00868FAB /* Release */ = {
			isa = XCBuildConfiguration;
			buildSettings = {
				ALWAYS_SEARCH_USER_PATHS = NO;
				CODE_SIGN_IDENTITY = "iPhone Developer";
				COPY_PHASE_STRIP = YES;
				DEBUG_INFORMATION_FORMAT = "dwarf-with-dsym";
				GCC_ENABLE_FIX_AND_CONTINUE = NO;
				GCC_PRECOMPILE_PREFIX_HEADER = YES;
				GCC_PREFIX_HEADER = "$(SYSTEM_LIBRARY_DIR)/Frameworks/UIKit.framework/Headers/UIKit.h";
				INFOPLIST_FILE = "UnitTest-Info.plist";
				INSTALL_PATH = "$(HOME)/Applications";
				OTHER_LDFLAGS = (
					"-framework",
					Foundation,
					"-framework",
					UIKit,
				);
				PREBINDING = NO;
				PRODUCT_NAME = UnitTest;
				SDKROOT = iphoneos2.2;
				ZERO_LINK = NO;
			};
			name = Release;
		};
/* End XCBuildConfiguration section */

/* Begin XCConfigurationList section */
		1D6058960D05DD3E006BFB54 /* Build configuration list for PBXNativeTarget "Retorted" */ = {
			isa = XCConfigurationList;
			buildConfigurations = (
				1D6058940D05DD3E006BFB54 /* Debug */,
				1D6058950D05DD3E006BFB54 /* Release */,
			);
			defaultConfigurationIsVisible = 0;
			defaultConfigurationName = Release;
		};
		C01FCF4E08A954540054247B /* Build configuration list for PBXProject "Retorted" */ = {
			isa = XCConfigurationList;
			buildConfigurations = (
				C01FCF4F08A954540054247B /* Debug */,
				C01FCF5008A954540054247B /* Release */,
			);
			defaultConfigurationIsVisible = 0;
			defaultConfigurationName = Release;
		};
		DB141F570EF4A20C00868FAB /* Build configuration list for PBXNativeTarget "UnitTest" */ = {
			isa = XCConfigurationList;
			buildConfigurations = (
				DB141F550EF4A20B00868FAB /* Debug */,
				DB141F560EF4A20B00868FAB /* Release */,
			);
			defaultConfigurationIsVisible = 0;
			defaultConfigurationName = Release;
		};
/* End XCConfigurationList section */
	};
	rootObject = 29B97313FDCFA39411CA2CEA /* Project object */;
}
